
Microsoft Visual Studio Solution File, Format Version 12.00
# Visual Studio Version 17
VisualStudioVersion = 17.9.34714.143
MinimumVisualStudioVersion = 10.0.40219.1
Project("{2150E333-8FDC-42A3-9474-1A3956D46DE8}") = "src", "src", "{402E2F78-60CD-49ED-AD8C-CEFC3E659D98}"
EndProject
Project("{2150E333-8FDC-42A3-9474-1A3956D46DE8}") = "test", "test", "{6D6FEAE6-D048-4727-B45D-DB2E2A9DBF26}"
EndProject
Project("{2150E333-8FDC-42A3-9474-1A3956D46DE8}") = "Core", "Core", "{16857D44-5FB1-41EB-8C6F-59FB013E026F}"
EndProject
Project("{2150E333-8FDC-42A3-9474-1A3956D46DE8}") = "Infrastructure", "Infrastructure", "{B768418E-7DC2-498A-A3BB-04AD054C625D}"
EndProject
Project("{2150E333-8FDC-42A3-9474-1A3956D46DE8}") = "Api", "Api", "{265807E0-17FE-4F9F-A482-E5A5F0060358}"
EndProject
Project("{FAE04EC0-301F-11D3-BF4B-00C04F79EFBC}") = "Domain", "Domain\Domain.csproj", "{EE4F4BE2-BAC1-4A21-B90E-891F265E712B}"
EndProject
Project("{FAE04EC0-301F-11D3-BF4B-00C04F79EFBC}") = "Application", "Application\Application.csproj", "{4F5CAD97-8CB6-41C4-87B2-C9114E486461}"
EndProject
Project("{FAE04EC0-301F-11D3-BF4B-00C04F79EFBC}") = "Persistence", "Persistence\Persistence.csproj", "{B5E13E6E-3CC9-4222-93E2-C58551AA1C78}"
EndProject
Project("{FAE04EC0-301F-11D3-BF4B-00C04F79EFBC}") = "WebApi", "WebApi\WebApi.csproj", "{AF78F09B-E686-448E-A3B9-407279F51E76}"
EndProject
Project("{FAE04EC0-301F-11D3-BF4B-00C04F79EFBC}") = "Common", "Common\Common.csproj", "{7429BEC9-0419-4A5D-A361-A76F6CEF14B4}"
EndProject
Global
	GlobalSection(SolutionConfigurationPlatforms) = preSolution
		Debug|Any CPU = Debug|Any CPU
		Release|Any CPU = Release|Any CPU
	EndGlobalSection
	GlobalSection(ProjectConfigurationPlatforms) = postSolution
		{EE4F4BE2-BAC1-4A21-B90E-891F265E712B}.Debug|Any CPU.ActiveCfg = Debug|Any CPU
		{EE4F4BE2-BAC1-4A21-B90E-891F265E712B}.Debug|Any CPU.Build.0 = Debug|Any CPU
		{EE4F4BE2-BAC1-4A21-B90E-891F265E712B}.Release|Any CPU.ActiveCfg = Release|Any CPU
		{EE4F4BE2-BAC1-4A21-B90E-891F265E712B}.Release|Any CPU.Build.0 = Release|Any CPU
		{4F5CAD97-8CB6-41C4-87B2-C9114E486461}.Debug|Any CPU.ActiveCfg = Debug|Any CPU
		{4F5CAD97-8CB6-41C4-87B2-C9114E486461}.Debug|Any CPU.Build.0 = Debug|Any CPU
		{4F5CAD97-8CB6-41C4-87B2-C9114E486461}.Release|Any CPU.ActiveCfg = Release|Any CPU
		{4F5CAD97-8CB6-41C4-87B2-C9114E486461}.Release|Any CPU.Build.0 = Release|Any CPU
		{B5E13E6E-3CC9-4222-93E2-C58551AA1C78}.Debug|Any CPU.ActiveCfg = Debug|Any CPU
		{B5E13E6E-3CC9-4222-93E2-C58551AA1C78}.Debug|Any CPU.Build.0 = Debug|Any CPU
		{B5E13E6E-3CC9-4222-93E2-C58551AA1C78}.Release|Any CPU.ActiveCfg = Release|Any CPU
		{B5E13E6E-3CC9-4222-93E2-C58551AA1C78}.Release|Any CPU.Build.0 = Release|Any CPU
		{AF78F09B-E686-448E-A3B9-407279F51E76}.Debug|Any CPU.ActiveCfg = Debug|Any CPU
		{AF78F09B-E686-448E-A3B9-407279F51E76}.Debug|Any CPU.Build.0 = Debug|Any CPU
		{AF78F09B-E686-448E-A3B9-407279F51E76}.Release|Any CPU.ActiveCfg = Release|Any CPU
		{AF78F09B-E686-448E-A3B9-407279F51E76}.Release|Any CPU.Build.0 = Release|Any CPU
		{7429BEC9-0419-4A5D-A361-A76F6CEF14B4}.Debug|Any CPU.ActiveCfg = Debug|Any CPU
		{7429BEC9-0419-4A5D-A361-A76F6CEF14B4}.Debug|Any CPU.Build.0 = Debug|Any CPU
		{7429BEC9-0419-4A5D-A361-A76F6CEF14B4}.Release|Any CPU.ActiveCfg = Release|Any CPU
		{7429BEC9-0419-4A5D-A361-A76F6CEF14B4}.Release|Any CPU.Build.0 = Release|Any CPU
	EndGlobalSection
	GlobalSection(SolutionProperties) = preSolution
		HideSolutionNode = FALSE
	EndGlobalSection
	GlobalSection(NestedProjects) = preSolution
		{16857D44-5FB1-41EB-8C6F-59FB013E026F} = {402E2F78-60CD-49ED-AD8C-CEFC3E659D98}
		{B768418E-7DC2-498A-A3BB-04AD054C625D} = {402E2F78-60CD-49ED-AD8C-CEFC3E659D98}
		{265807E0-17FE-4F9F-A482-E5A5F0060358} = {402E2F78-60CD-49ED-AD8C-CEFC3E659D98}
		{EE4F4BE2-BAC1-4A21-B90E-891F265E712B} = {16857D44-5FB1-41EB-8C6F-59FB013E026F}
		{4F5CAD97-8CB6-41C4-87B2-C9114E486461} = {16857D44-5FB1-41EB-8C6F-59FB013E026F}
		{B5E13E6E-3CC9-4222-93E2-C58551AA1C78} = {B768418E-7DC2-498A-A3BB-04AD054C625D}
		{AF78F09B-E686-448E-A3B9-407279F51E76} = {265807E0-17FE-4F9F-A482-E5A5F0060358}
		{7429BEC9-0419-4A5D-A361-A76F6CEF14B4} = {B768418E-7DC2-498A-A3BB-04AD054C625D}
	EndGlobalSection
	GlobalSection(ExtensibilityGlobals) = postSolution
		SolutionGuid = {479859F5-A05B-4A08-A2A8-C8A5FD6F2BC3}
	EndGlobalSection
EndGlobal
